
Microsoft Visual Studio Solution File, Format Version 12.00
# Visual Studio Version 16
VisualStudioVersion = 16.0.34031.81
MinimumVisualStudioVersion = 10.0.40219.1
Project("{FAE04EC0-301F-11D3-BF4B-00C04F79EFBC}") = "BT_HVT_MVC_01", "BT_HVT_MVC_01\BT_HVT_MVC_01.csproj", "{708D71F2-3C9A-4722-AD35-CB67A170EC2B}"
EndProject
Global
	GlobalSection(SolutionConfigurationPlatforms) = preSolution
		Debug|Any CPU = Debug|Any CPU
		Release|Any CPU = Release|Any CPU
	EndGlobalSection
	GlobalSection(ProjectConfigurationPlatforms) = postSolution
		{708D71F2-3C9A-4722-AD35-CB67A170EC2B}.Debug|Any CPU.ActiveCfg = Debug|Any CPU
		{708D71F2-3C9A-4722-AD35-CB67A170EC2B}.Debug|Any CPU.Build.0 = Debug|Any CPU
		{708D71F2-3C9A-4722-AD35-CB67A170EC2B}.Release|Any CPU.ActiveCfg = Release|Any CPU
		{708D71F2-3C9A-4722-AD35-CB67A170EC2B}.Release|Any CPU.Build.0 = Release|Any CPU
	EndGlobalSection
	GlobalSection(SolutionProperties) = preSolution
		HideSolutionNode = FALSE
	EndGlobalSection
	GlobalSection(ExtensibilityGlobals) = postSolution
		SolutionGuid = {CFE45E83-DCE0-48D8-BCE7-146A4AEF4B6A}
	EndGlobalSection
EndGlobal
